
Microsoft Visual Studio Solution File, Format Version 12.00
# Visual Studio Version 16
VisualStudioVersion = 16.0.30503.244
MinimumVisualStudioVersion = 10.0.40219.1
Project("{FAE04EC0-301F-11D3-BF4B-00C04F79EFBC}") = "WindowsFormsApp2", "WindowsFormsApp2\WindowsFormsApp2.csproj", "{45DC91D8-85E5-4F59-9170-AC49A99461DF}"
EndProject
Global
	GlobalSection(SolutionConfigurationPlatforms) = preSolution
		Debug|Any CPU = Debug|Any CPU
		Release|Any CPU = Release|Any CPU
	EndGlobalSection
	GlobalSection(ProjectConfigurationPlatforms) = postSolution
		{45DC91D8-85E5-4F59-9170-AC49A99461DF}.Debug|Any CPU.ActiveCfg = Debug|Any CPU
		{45DC91D8-85E5-4F59-9170-AC49A99461DF}.Debug|Any CPU.Build.0 = Debug|Any CPU
		{45DC91D8-85E5-4F59-9170-AC49A99461DF}.Release|Any CPU.ActiveCfg = Release|Any CPU
		{45DC91D8-85E5-4F59-9170-AC49A99461DF}.Release|Any CPU.Build.0 = Release|Any CPU
	EndGlobalSection
	GlobalSection(SolutionProperties) = preSolution
		HideSolutionNode = FALSE
	EndGlobalSection
	GlobalSection(ExtensibilityGlobals) = postSolution
		SolutionGuid = {90EE34F4-D7B9-49D6-8DBF-D26266BC99B8}
	EndGlobalSection
EndGlobal
